
Microsoft Visual Studio Solution File, Format Version 12.00
# Visual Studio Version 17
VisualStudioVersion = 17.5.002.0
MinimumVisualStudioVersion = 10.0.40219.1
Project("{2150E333-8FDC-42A3-9474-1A3956D46DE8}") = "prepare", "prepare", "{19FFB851-16A1-4697-BA3B-3B660E3D10CD}"
EndProject
Project("{9A19103F-16F7-4668-BE54-9A1E7A4F7556}") = "Learning02", "prepare\Learning02\Learning02.csproj", "{C7D41635-AE94-4581-A880-745317D6E25E}"
EndProject
Project("{9A19103F-16F7-4668-BE54-9A1E7A4F7556}") = "Learning05", "prepare\Learning05\Learning05.csproj", "{A324925F-7AE6-464C-82DE-4756880F29B1}"
EndProject
Project("{9A19103F-16F7-4668-BE54-9A1E7A4F7556}") = "Learning04", "prepare\Learning04\Learning04.csproj", "{DCF839BB-1F14-421B-9025-BA0EF9733DB0}"
EndProject
Project("{9A19103F-16F7-4668-BE54-9A1E7A4F7556}") = "Learning03", "prepare\Learning03\Learning03.csproj", "{7453A09B-3840-460E-80EC-58FFCE0C7871}"
EndProject
Project("{2150E333-8FDC-42A3-9474-1A3956D46DE8}") = "prove", "prove", "{57599B13-D73F-4637-A729-A3639889C29B}"
EndProject
Project("{9A19103F-16F7-4668-BE54-9A1E7A4F7556}") = "Develop03", "prove\Develop03\Develop03.csproj", "{8C1B9D75-61F3-4871-A2C9-07B0556FB44F}"
EndProject
Project("{9A19103F-16F7-4668-BE54-9A1E7A4F7556}") = "Develop04", "prove\Develop04\Develop04.csproj", "{EA1936EB-23DC-490B-9549-766E398D99FA}"
EndProject
Project("{9A19103F-16F7-4668-BE54-9A1E7A4F7556}") = "Develop05", "prove\Develop05\Develop05.csproj", "{3FBA99D8-C15D-4AC2-8A98-93E49A1498AD}"
EndProject
Project("{9A19103F-16F7-4668-BE54-9A1E7A4F7556}") = "Develop02", "prove\Develop02\Develop02.csproj", "{D038E802-F0F1-4314-8AC8-AC08AFB7514A}"
EndProject
Project("{2150E333-8FDC-42A3-9474-1A3956D46DE8}") = "sandbox", "sandbox", "{235D5DFC-858D-48B7-AA13-5473681C85D5}"
EndProject
Project("{9A19103F-16F7-4668-BE54-9A1E7A4F7556}") = "Sandbox", "sandbox\Sandbox\Sandbox.csproj", "{6D5AF447-64DC-40DB-A5F5-D1F1B3F9A5E1}"
EndProject
Project("{2150E333-8FDC-42A3-9474-1A3956D46DE8}") = "final", "final", "{2DC9E3FD-7CBB-4137-8CE5-BE3E6BB473C5}"
EndProject
Project("{9A19103F-16F7-4668-BE54-9A1E7A4F7556}") = "FinalProject", "final\FinalProject\FinalProject.csproj", "{3D3185B3-2249-46AB-8AF6-89DA233B97F1}"
EndProject
Project("{9A19103F-16F7-4668-BE54-9A1E7A4F7556}") = "Foundation1", "final\Foundation1\Foundation1.csproj", "{1F7D5B3A-6E58-4260-A9F0-4E305FD81B50}"
EndProject
Project("{9A19103F-16F7-4668-BE54-9A1E7A4F7556}") = "Foundation4", "final\Foundation4\Foundation4.csproj", "{9CCC7A9D-992B-484D-9195-0482B096A548}"
EndProject
Project("{9A19103F-16F7-4668-BE54-9A1E7A4F7556}") = "Foundation3", "final\Foundation3\Foundation3.csproj", "{A3D1C46B-55EC-4E35-9951-11F17311A8C8}"
EndProject
Project("{9A19103F-16F7-4668-BE54-9A1E7A4F7556}") = "Foundation2", "final\Foundation2\Foundation2.csproj", "{AFF62CC6-5BD6-446C-9CB8-E28AE35764C2}"
EndProject
Project("{2150E333-8FDC-42A3-9474-1A3956D46DE8}") = "csharp-prep", "csharp-prep", "{D7DE4FC6-2E37-4503-A4D8-02133CE4622C}"
EndProject
Project("{9A19103F-16F7-4668-BE54-9A1E7A4F7556}") = "Prep1", "csharp-prep\Prep1\Prep1.csproj", "{00C0AB9E-B9F5-4F0C-9FD8-C326122BA934}"
EndProject
Project("{9A19103F-16F7-4668-BE54-9A1E7A4F7556}") = "Prep5", "csharp-prep\Prep5\Prep5.csproj", "{000A7391-17D7-45B7-AB28-93E021849EDD}"
EndProject
Project("{9A19103F-16F7-4668-BE54-9A1E7A4F7556}") = "Prep2", "csharp-prep\Prep2\Prep2.csproj", "{CEE5F942-5FBE-46BD-9C85-E5154B56AD26}"
EndProject
Project("{9A19103F-16F7-4668-BE54-9A1E7A4F7556}") = "Prep3", "csharp-prep\Prep3\Prep3.csproj", "{48FBE007-998C-4EA0-8236-6253291476E8}"
EndProject
Project("{9A19103F-16F7-4668-BE54-9A1E7A4F7556}") = "Prep4", "csharp-prep\Prep4\Prep4.csproj", "{F6501205-6FC3-4A62-85B6-5DBEB3960211}"
EndProject
Global
	GlobalSection(SolutionConfigurationPlatforms) = preSolution
		Debug|Any CPU = Debug|Any CPU
		Release|Any CPU = Release|Any CPU
	EndGlobalSection
	GlobalSection(ProjectConfigurationPlatforms) = postSolution
		{C7D41635-AE94-4581-A880-745317D6E25E}.Debug|Any CPU.ActiveCfg = Debug|Any CPU
		{C7D41635-AE94-4581-A880-745317D6E25E}.Debug|Any CPU.Build.0 = Debug|Any CPU
		{C7D41635-AE94-4581-A880-745317D6E25E}.Release|Any CPU.ActiveCfg = Release|Any CPU
		{C7D41635-AE94-4581-A880-745317D6E25E}.Release|Any CPU.Build.0 = Release|Any CPU
		{A324925F-7AE6-464C-82DE-4756880F29B1}.Debug|Any CPU.ActiveCfg = Debug|Any CPU
		{A324925F-7AE6-464C-82DE-4756880F29B1}.Debug|Any CPU.Build.0 = Debug|Any CPU
		{A324925F-7AE6-464C-82DE-4756880F29B1}.Release|Any CPU.ActiveCfg = Release|Any CPU
		{A324925F-7AE6-464C-82DE-4756880F29B1}.Release|Any CPU.Build.0 = Release|Any CPU
		{DCF839BB-1F14-421B-9025-BA0EF9733DB0}.Debug|Any CPU.ActiveCfg = Debug|Any CPU
		{DCF839BB-1F14-421B-9025-BA0EF9733DB0}.Debug|Any CPU.Build.0 = Debug|Any CPU
		{DCF839BB-1F14-421B-9025-BA0EF9733DB0}.Release|Any CPU.ActiveCfg = Release|Any CPU
		{DCF839BB-1F14-421B-9025-BA0EF9733DB0}.Release|Any CPU.Build.0 = Release|Any CPU
		{7453A09B-3840-460E-80EC-58FFCE0C7871}.Debug|Any CPU.ActiveCfg = Debug|Any CPU
		{7453A09B-3840-460E-80EC-58FFCE0C7871}.Debug|Any CPU.Build.0 = Debug|Any CPU
		{7453A09B-3840-460E-80EC-58FFCE0C7871}.Release|Any CPU.ActiveCfg = Release|Any CPU
		{7453A09B-3840-460E-80EC-58FFCE0C7871}.Release|Any CPU.Build.0 = Release|Any CPU
		{8C1B9D75-61F3-4871-A2C9-07B0556FB44F}.Debug|Any CPU.ActiveCfg = Debug|Any CPU
		{8C1B9D75-61F3-4871-A2C9-07B0556FB44F}.Debug|Any CPU.Build.0 = Debug|Any CPU
		{8C1B9D75-61F3-4871-A2C9-07B0556FB44F}.Release|Any CPU.ActiveCfg = Release|Any CPU
		{8C1B9D75-61F3-4871-A2C9-07B0556FB44F}.Release|Any CPU.Build.0 = Release|Any CPU
		{EA1936EB-23DC-490B-9549-766E398D99FA}.Debug|Any CPU.ActiveCfg = Debug|Any CPU
		{EA1936EB-23DC-490B-9549-766E398D99FA}.Debug|Any CPU.Build.0 = Debug|Any CPU
		{EA1936EB-23DC-490B-9549-766E398D99FA}.Release|Any CPU.ActiveCfg = Release|Any CPU
		{EA1936EB-23DC-490B-9549-766E398D99FA}.Release|Any CPU.Build.0 = Release|Any CPU
		{3FBA99D8-C15D-4AC2-8A98-93E49A1498AD}.Debug|Any CPU.ActiveCfg = Debug|Any CPU
		{3FBA99D8-C15D-4AC2-8A98-93E49A1498AD}.Debug|Any CPU.Build.0 = Debug|Any CPU
		{3FBA99D8-C15D-4AC2-8A98-93E49A1498AD}.Release|Any CPU.ActiveCfg = Release|Any CPU
		{3FBA99D8-C15D-4AC2-8A98-93E49A1498AD}.Release|Any CPU.Build.0 = Release|Any CPU
		{D038E802-F0F1-4314-8AC8-AC08AFB7514A}.Debug|Any CPU.ActiveCfg = Debug|Any CPU
		{D038E802-F0F1-4314-8AC8-AC08AFB7514A}.Debug|Any CPU.Build.0 = Debug|Any CPU
		{D038E802-F0F1-4314-8AC8-AC08AFB7514A}.Release|Any CPU.ActiveCfg = Release|Any CPU
		{D038E802-F0F1-4314-8AC8-AC08AFB7514A}.Release|Any CPU.Build.0 = Release|Any CPU
		{6D5AF447-64DC-40DB-A5F5-D1F1B3F9A5E1}.Debug|Any CPU.ActiveCfg = Debug|Any CPU
		{6D5AF447-64DC-40DB-A5F5-D1F1B3F9A5E1}.Debug|Any CPU.Build.0 = Debug|Any CPU
		{6D5AF447-64DC-40DB-A5F5-D1F1B3F9A5E1}.Release|Any CPU.ActiveCfg = Release|Any CPU
		{6D5AF447-64DC-40DB-A5F5-D1F1B3F9A5E1}.Release|Any CPU.Build.0 = Release|Any CPU
		{3D3185B3-2249-46AB-8AF6-89DA233B97F1}.Debug|Any CPU.ActiveCfg = Debug|Any CPU
		{3D3185B3-2249-46AB-8AF6-89DA233B97F1}.Debug|Any CPU.Build.0 = Debug|Any CPU
		{3D3185B3-2249-46AB-8AF6-89DA233B97F1}.Release|Any CPU.ActiveCfg = Release|Any CPU
		{3D3185B3-2249-46AB-8AF6-89DA233B97F1}.Release|Any CPU.Build.0 = Release|Any CPU
		{1F7D5B3A-6E58-4260-A9F0-4E305FD81B50}.Debug|Any CPU.ActiveCfg = Debug|Any CPU
		{1F7D5B3A-6E58-4260-A9F0-4E305FD81B50}.Debug|Any CPU.Build.0 = Debug|Any CPU
		{1F7D5B3A-6E58-4260-A9F0-4E305FD81B50}.Release|Any CPU.ActiveCfg = Release|Any CPU
		{1F7D5B3A-6E58-4260-A9F0-4E305FD81B50}.Release|Any CPU.Build.0 = Release|Any CPU
		{9CCC7A9D-992B-484D-9195-0482B096A548}.Debug|Any CPU.ActiveCfg = Debug|Any CPU
		{9CCC7A9D-992B-484D-9195-0482B096A548}.Debug|Any CPU.Build.0 = Debug|Any CPU
		{9CCC7A9D-992B-484D-9195-0482B096A548}.Release|Any CPU.ActiveCfg = Release|Any CPU
		{9CCC7A9D-992B-484D-9195-0482B096A548}.Release|Any CPU.Build.0 = Release|Any CPU
		{A3D1C46B-55EC-4E35-9951-11F17311A8C8}.Debug|Any CPU.ActiveCfg = Debug|Any CPU
		{A3D1C46B-55EC-4E35-9951-11F17311A8C8}.Debug|Any CPU.Build.0 = Debug|Any CPU
		{A3D1C46B-55EC-4E35-9951-11F17311A8C8}.Release|Any CPU.ActiveCfg = Release|Any CPU
		{A3D1C46B-55EC-4E35-9951-11F17311A8C8}.Release|Any CPU.Build.0 = Release|Any CPU
		{AFF62CC6-5BD6-446C-9CB8-E28AE35764C2}.Debug|Any CPU.ActiveCfg = Debug|Any CPU
		{AFF62CC6-5BD6-446C-9CB8-E28AE35764C2}.Debug|Any CPU.Build.0 = Debug|Any CPU
		{AFF62CC6-5BD6-446C-9CB8-E28AE35764C2}.Release|Any CPU.ActiveCfg = Release|Any CPU
		{AFF62CC6-5BD6-446C-9CB8-E28AE35764C2}.Release|Any CPU.Build.0 = Release|Any CPU
		{00C0AB9E-B9F5-4F0C-9FD8-C326122BA934}.Debug|Any CPU.ActiveCfg = Debug|Any CPU
		{00C0AB9E-B9F5-4F0C-9FD8-C326122BA934}.Debug|Any CPU.Build.0 = Debug|Any CPU
		{00C0AB9E-B9F5-4F0C-9FD8-C326122BA934}.Release|Any CPU.ActiveCfg = Release|Any CPU
		{00C0AB9E-B9F5-4F0C-9FD8-C326122BA934}.Release|Any CPU.Build.0 = Release|Any CPU
		{000A7391-17D7-45B7-AB28-93E021849EDD}.Debug|Any CPU.ActiveCfg = Debug|Any CPU
		{000A7391-17D7-45B7-AB28-93E021849EDD}.Debug|Any CPU.Build.0 = Debug|Any CPU
		{000A7391-17D7-45B7-AB28-93E021849EDD}.Release|Any CPU.ActiveCfg = Release|Any CPU
		{000A7391-17D7-45B7-AB28-93E021849EDD}.Release|Any CPU.Build.0 = Release|Any CPU
		{CEE5F942-5FBE-46BD-9C85-E5154B56AD26}.Debug|Any CPU.ActiveCfg = Debug|Any CPU
		{CEE5F942-5FBE-46BD-9C85-E5154B56AD26}.Debug|Any CPU.Build.0 = Debug|Any CPU
		{CEE5F942-5FBE-46BD-9C85-E5154B56AD26}.Release|Any CPU.ActiveCfg = Release|Any CPU
		{CEE5F942-5FBE-46BD-9C85-E5154B56AD26}.Release|Any CPU.Build.0 = Release|Any CPU
		{48FBE007-998C-4EA0-8236-6253291476E8}.Debug|Any CPU.ActiveCfg = Debug|Any CPU
		{48FBE007-998C-4EA0-8236-6253291476E8}.Debug|Any CPU.Build.0 = Debug|Any CPU
		{48FBE007-998C-4EA0-8236-6253291476E8}.Release|Any CPU.ActiveCfg = Release|Any CPU
		{48FBE007-998C-4EA0-8236-6253291476E8}.Release|Any CPU.Build.0 = Release|Any CPU
		{F6501205-6FC3-4A62-85B6-5DBEB3960211}.Debug|Any CPU.ActiveCfg = Debug|Any CPU
		{F6501205-6FC3-4A62-85B6-5DBEB3960211}.Debug|Any CPU.Build.0 = Debug|Any CPU
		{F6501205-6FC3-4A62-85B6-5DBEB3960211}.Release|Any CPU.ActiveCfg = Release|Any CPU
		{F6501205-6FC3-4A62-85B6-5DBEB3960211}.Release|Any CPU.Build.0 = Release|Any CPU
	EndGlobalSection
	GlobalSection(SolutionProperties) = preSolution
		HideSolutionNode = FALSE
	EndGlobalSection
	GlobalSection(NestedProjects) = preSolution
		{C7D41635-AE94-4581-A880-745317D6E25E} = {19FFB851-16A1-4697-BA3B-3B660E3D10CD}
		{A324925F-7AE6-464C-82DE-4756880F29B1} = {19FFB851-16A1-4697-BA3B-3B660E3D10CD}
		{DCF839BB-1F14-421B-9025-BA0EF9733DB0} = {19FFB851-16A1-4697-BA3B-3B660E3D10CD}
		{7453A09B-3840-460E-80EC-58FFCE0C7871} = {19FFB851-16A1-4697-BA3B-3B660E3D10CD}
		{8C1B9D75-61F3-4871-A2C9-07B0556FB44F} = {57599B13-D73F-4637-A729-A3639889C29B}
		{EA1936EB-23DC-490B-9549-766E398D99FA} = {57599B13-D73F-4637-A729-A3639889C29B}
		{3FBA99D8-C15D-4AC2-8A98-93E49A1498AD} = {57599B13-D73F-4637-A729-A3639889C29B}
		{D038E802-F0F1-4314-8AC8-AC08AFB7514A} = {57599B13-D73F-4637-A729-A3639889C29B}
		{6D5AF447-64DC-40DB-A5F5-D1F1B3F9A5E1} = {235D5DFC-858D-48B7-AA13-5473681C85D5}
		{3D3185B3-2249-46AB-8AF6-89DA233B97F1} = {2DC9E3FD-7CBB-4137-8CE5-BE3E6BB473C5}
		{1F7D5B3A-6E58-4260-A9F0-4E305FD81B50} = {2DC9E3FD-7CBB-4137-8CE5-BE3E6BB473C5}
		{9CCC7A9D-992B-484D-9195-0482B096A548} = {2DC9E3FD-7CBB-4137-8CE5-BE3E6BB473C5}
		{A3D1C46B-55EC-4E35-9951-11F17311A8C8} = {2DC9E3FD-7CBB-4137-8CE5-BE3E6BB473C5}
		{AFF62CC6-5BD6-446C-9CB8-E28AE35764C2} = {2DC9E3FD-7CBB-4137-8CE5-BE3E6BB473C5}
		{00C0AB9E-B9F5-4F0C-9FD8-C326122BA934} = {D7DE4FC6-2E37-4503-A4D8-02133CE4622C}
		{000A7391-17D7-45B7-AB28-93E021849EDD} = {D7DE4FC6-2E37-4503-A4D8-02133CE4622C}
		{CEE5F942-5FBE-46BD-9C85-E5154B56AD26} = {D7DE4FC6-2E37-4503-A4D8-02133CE4622C}
		{48FBE007-998C-4EA0-8236-6253291476E8} = {D7DE4FC6-2E37-4503-A4D8-02133CE4622C}
		{F6501205-6FC3-4A62-85B6-5DBEB3960211} = {D7DE4FC6-2E37-4503-A4D8-02133CE4622C}
	EndGlobalSection
	GlobalSection(ExtensibilityGlobals) = postSolution
		SolutionGuid = {989EF344-A9E3-45A5-A78E-DD1A9E8284BE}
	EndGlobalSection
EndGlobal
