
Microsoft Visual Studio Solution File, Format Version 12.00
# Visual Studio Version 17
VisualStudioVersion = 17.5.002.0
MinimumVisualStudioVersion = 10.0.40219.1
Project("{9A19103F-16F7-4668-BE54-9A1E7A4F7556}") = "Foundation1", "Foundation1.csproj", "{36ABBC2C-F7F8-4A5F-957D-989B5DD0499B}"
EndProject
Global
	GlobalSection(SolutionConfigurationPlatforms) = preSolution
		Debug|Any CPU = Debug|Any CPU
		Release|Any CPU = Release|Any CPU
	EndGlobalSection
	GlobalSection(ProjectConfigurationPlatforms) = postSolution
		{36ABBC2C-F7F8-4A5F-957D-989B5DD0499B}.Debug|Any CPU.ActiveCfg = Debug|Any CPU
		{36ABBC2C-F7F8-4A5F-957D-989B5DD0499B}.Debug|Any CPU.Build.0 = Debug|Any CPU
		{36ABBC2C-F7F8-4A5F-957D-989B5DD0499B}.Release|Any CPU.ActiveCfg = Release|Any CPU
		{36ABBC2C-F7F8-4A5F-957D-989B5DD0499B}.Release|Any CPU.Build.0 = Release|Any CPU
	EndGlobalSection
	GlobalSection(SolutionProperties) = preSolution
		HideSolutionNode = FALSE
	EndGlobalSection
	GlobalSection(ExtensibilityGlobals) = postSolution
		SolutionGuid = {E355658D-9308-4CDA-820F-7D004A43F70E}
	EndGlobalSection
EndGlobal
